
Microsoft Visual Studio Solution File, Format Version 12.00
# Visual Studio 15
Project("{FAE04EC0-301F-11D3-BF4B-00C04F79EFBC}") = "Assembly-CSharp", "Assembly-CSharp.csproj", "{871F0E4A-E65C-FC98-8EC4-8D3DE376E449}"
EndProject
Project("{FAE04EC0-301F-11D3-BF4B-00C04F79EFBC}") = "Sirenix.OdinInspector.Modules.UnityMathematics", "Sirenix.OdinInspector.Modules.UnityMathematics.csproj", "{CC2770A1-C7F6-10FB-6C9E-64A8B6740B62}"
EndProject
Global
	GlobalSection(SolutionConfigurationPlatforms) = preSolution
		Debug|Any CPU = Debug|Any CPU
		Release|Any CPU = Release|Any CPU
	EndGlobalSection
	GlobalSection(ProjectConfigurationPlatforms) = postSolution
		{871F0E4A-E65C-FC98-8EC4-8D3DE376E449}.Debug|Any CPU.ActiveCfg = Debug|Any CPU
		{871F0E4A-E65C-FC98-8EC4-8D3DE376E449}.Debug|Any CPU.Build.0 = Debug|Any CPU
		{871F0E4A-E65C-FC98-8EC4-8D3DE376E449}.Release|Any CPU.ActiveCfg = Release|Any CPU
		{871F0E4A-E65C-FC98-8EC4-8D3DE376E449}.Release|Any CPU.Build.0 = Release|Any CPU
		{CC2770A1-C7F6-10FB-6C9E-64A8B6740B62}.Debug|Any CPU.ActiveCfg = Debug|Any CPU
		{CC2770A1-C7F6-10FB-6C9E-64A8B6740B62}.Debug|Any CPU.Build.0 = Debug|Any CPU
		{CC2770A1-C7F6-10FB-6C9E-64A8B6740B62}.Release|Any CPU.ActiveCfg = Release|Any CPU
		{CC2770A1-C7F6-10FB-6C9E-64A8B6740B62}.Release|Any CPU.Build.0 = Release|Any CPU
	EndGlobalSection
	GlobalSection(SolutionProperties) = preSolution
		HideSolutionNode = FALSE
	EndGlobalSection
EndGlobal
